
Microsoft Visual Studio Solution File, Format Version 12.00
# Visual Studio Version 16
VisualStudioVersion = 16.0.31005.135
MinimumVisualStudioVersion = 10.0.40219.1
Project("{FAE04EC0-301F-11D3-BF4B-00C04F79EFBC}") = "LIAuppgift", "LIAuppgift\LIAuppgift.csproj", "{CC8EF7EF-12D5-438F-9570-E309F35B27BB}"
EndProject
Global
	GlobalSection(SolutionConfigurationPlatforms) = preSolution
		Debug|Any CPU = Debug|Any CPU
		Release|Any CPU = Release|Any CPU
	EndGlobalSection
	GlobalSection(ProjectConfigurationPlatforms) = postSolution
		{CC8EF7EF-12D5-438F-9570-E309F35B27BB}.Debug|Any CPU.ActiveCfg = Debug|Any CPU
		{CC8EF7EF-12D5-438F-9570-E309F35B27BB}.Debug|Any CPU.Build.0 = Debug|Any CPU
		{CC8EF7EF-12D5-438F-9570-E309F35B27BB}.Release|Any CPU.ActiveCfg = Release|Any CPU
		{CC8EF7EF-12D5-438F-9570-E309F35B27BB}.Release|Any CPU.Build.0 = Release|Any CPU
	EndGlobalSection
	GlobalSection(SolutionProperties) = preSolution
		HideSolutionNode = FALSE
	EndGlobalSection
	GlobalSection(ExtensibilityGlobals) = postSolution
		SolutionGuid = {468379A3-281F-4E13-ABC1-AAB784319AA4}
	EndGlobalSection
EndGlobal
